{
  "name": "nonad",
  "version": "1.0.0",
  "lockfileVersion": 1,
  "requires": true,
  "dependencies": {
    "expect-type": {
      "version": "0.7.4",
      "resolved": "https://registry.npmjs.org/expect-type/-/expect-type-0.7.4.tgz",
      "integrity": "sha512-/ykfDxhYq9vz/EgqH8YTeIehvb9YCP2W7qztpEqm84LaA23nOeGe6+H7huxxfncehig2bV0S0Gyhf+ncUwt2Mg=="
    },
    "typescript": {
      "version": "4.1.0-dev.20200817",
      "resolved": "https://registry.npmjs.org/typescript/-/typescript-4.1.0-dev.20200817.tgz",
      "integrity": "sha512-pUUmtRPJkNG0NiHDG+CkNq0kLkK4FmFh6LxHOTvuYQH4LjUKVj1JT/qIyRJkfffZ7sl49USM8exKkI/E0EyhCA==",
      "dev": true
    }
  }
}
